
Microsoft Visual Studio Solution File, Format Version 12.00
# Visual Studio Version 17
VisualStudioVersion = 17.11.35208.52
MinimumVisualStudioVersion = 10.0.40219.1
Project("{FAE04EC0-301F-11D3-BF4B-00C04F79EFBC}") = "VillalbaJuan_examen1", "VillalbaJuan_examen1\VillalbaJuan_examen1.csproj", "{F4FB5760-EAAF-4E69-B960-386B4A571965}"
EndProject
Global
	GlobalSection(SolutionConfigurationPlatforms) = preSolution
		Debug|Any CPU = Debug|Any CPU
		Release|Any CPU = Release|Any CPU
	EndGlobalSection
	GlobalSection(ProjectConfigurationPlatforms) = postSolution
		{F4FB5760-EAAF-4E69-B960-386B4A571965}.Debug|Any CPU.ActiveCfg = Debug|Any CPU
		{F4FB5760-EAAF-4E69-B960-386B4A571965}.Debug|Any CPU.Build.0 = Debug|Any CPU
		{F4FB5760-EAAF-4E69-B960-386B4A571965}.Release|Any CPU.ActiveCfg = Release|Any CPU
		{F4FB5760-EAAF-4E69-B960-386B4A571965}.Release|Any CPU.Build.0 = Release|Any CPU
	EndGlobalSection
	GlobalSection(SolutionProperties) = preSolution
		HideSolutionNode = FALSE
	EndGlobalSection
	GlobalSection(ExtensibilityGlobals) = postSolution
		SolutionGuid = {3CCD6716-7971-46FF-AA88-095B17B66119}
	EndGlobalSection
EndGlobal
